
Microsoft Visual Studio Solution File, Format Version 12.00
# Visual Studio Version 17
VisualStudioVersion = 17.11.35222.181
MinimumVisualStudioVersion = 10.0.40219.1
Project("{FAE04EC0-301F-11D3-BF4B-00C04F79EFBC}") = "CodeCoverage", "CodeCoverage\CodeCoverage.csproj", "{02463910-1364-40D2-A01F-C0D79565672A}"
EndProject
Project("{FAE04EC0-301F-11D3-BF4B-00C04F79EFBC}") = "CodeCoverage.Tests", "CodeCoverage.Tests\CodeCoverage.Tests.csproj", "{4813E202-6EAC-4F82-9E23-0440BCE65519}"
EndProject
Global
	GlobalSection(SolutionConfigurationPlatforms) = preSolution
		Debug|Any CPU = Debug|Any CPU
		Release|Any CPU = Release|Any CPU
	EndGlobalSection
	GlobalSection(ProjectConfigurationPlatforms) = postSolution
		{02463910-1364-40D2-A01F-C0D79565672A}.Debug|Any CPU.ActiveCfg = Debug|Any CPU
		{02463910-1364-40D2-A01F-C0D79565672A}.Debug|Any CPU.Build.0 = Debug|Any CPU
		{02463910-1364-40D2-A01F-C0D79565672A}.Release|Any CPU.ActiveCfg = Release|Any CPU
		{02463910-1364-40D2-A01F-C0D79565672A}.Release|Any CPU.Build.0 = Release|Any CPU
		{4813E202-6EAC-4F82-9E23-0440BCE65519}.Debug|Any CPU.ActiveCfg = Debug|Any CPU
		{4813E202-6EAC-4F82-9E23-0440BCE65519}.Debug|Any CPU.Build.0 = Debug|Any CPU
		{4813E202-6EAC-4F82-9E23-0440BCE65519}.Release|Any CPU.ActiveCfg = Release|Any CPU
		{4813E202-6EAC-4F82-9E23-0440BCE65519}.Release|Any CPU.Build.0 = Release|Any CPU
	EndGlobalSection
	GlobalSection(SolutionProperties) = preSolution
		HideSolutionNode = FALSE
	EndGlobalSection
	GlobalSection(ExtensibilityGlobals) = postSolution
		SolutionGuid = {3BB812C0-DF01-4AE4-B988-AC65BA928B37}
	EndGlobalSection
EndGlobal
