
Microsoft Visual Studio Solution File, Format Version 12.00
# Visual Studio Version 17
VisualStudioVersion = 17.11.35222.181
MinimumVisualStudioVersion = 10.0.40219.1
Project("{FAE04EC0-301F-11D3-BF4B-00C04F79EFBC}") = "Hangman", "Hangman\Hangman.csproj", "{174E8684-8D19-4900-88C0-79A17BBAC28B}"
EndProject
Project("{FAE04EC0-301F-11D3-BF4B-00C04F79EFBC}") = "Hangman.Tests", "Hangman.Tests\Hangman.Tests.csproj", "{DEBE6672-9EF4-4EA0-944A-F8416AA8B6D2}"
EndProject
Global
	GlobalSection(SolutionConfigurationPlatforms) = preSolution
		Debug|Any CPU = Debug|Any CPU
		Release|Any CPU = Release|Any CPU
	EndGlobalSection
	GlobalSection(ProjectConfigurationPlatforms) = postSolution
		{174E8684-8D19-4900-88C0-79A17BBAC28B}.Debug|Any CPU.ActiveCfg = Debug|Any CPU
		{174E8684-8D19-4900-88C0-79A17BBAC28B}.Debug|Any CPU.Build.0 = Debug|Any CPU
		{174E8684-8D19-4900-88C0-79A17BBAC28B}.Release|Any CPU.ActiveCfg = Release|Any CPU
		{174E8684-8D19-4900-88C0-79A17BBAC28B}.Release|Any CPU.Build.0 = Release|Any CPU
		{DEBE6672-9EF4-4EA0-944A-F8416AA8B6D2}.Debug|Any CPU.ActiveCfg = Debug|Any CPU
		{DEBE6672-9EF4-4EA0-944A-F8416AA8B6D2}.Debug|Any CPU.Build.0 = Debug|Any CPU
		{DEBE6672-9EF4-4EA0-944A-F8416AA8B6D2}.Release|Any CPU.ActiveCfg = Release|Any CPU
		{DEBE6672-9EF4-4EA0-944A-F8416AA8B6D2}.Release|Any CPU.Build.0 = Release|Any CPU
	EndGlobalSection
	GlobalSection(SolutionProperties) = preSolution
		HideSolutionNode = FALSE
	EndGlobalSection
	GlobalSection(ExtensibilityGlobals) = postSolution
		SolutionGuid = {F888F330-BBF3-4C96-B3DC-76A18324166C}
	EndGlobalSection
EndGlobal
