
Microsoft Visual Studio Solution File, Format Version 12.00
# Visual Studio Version 17
VisualStudioVersion = 17.7.34031.279
MinimumVisualStudioVersion = 10.0.40219.1
Project("{9A19103F-16F7-4668-BE54-9A1E7A4F7556}") = "Person", "Person\Person.csproj", "{675ABAF1-2A27-4652-A164-DE980436B84F}"
EndProject
Project("{FAE04EC0-301F-11D3-BF4B-00C04F79EFBC}") = "Person.Tests", "Person.Tests\Person.Tests.csproj", "{77CE038A-ED7D-47A3-8DA9-2B9D4282B19F}"
EndProject
Global
	GlobalSection(SolutionConfigurationPlatforms) = preSolution
		Debug|Any CPU = Debug|Any CPU
		Release|Any CPU = Release|Any CPU
	EndGlobalSection
	GlobalSection(ProjectConfigurationPlatforms) = postSolution
		{675ABAF1-2A27-4652-A164-DE980436B84F}.Debug|Any CPU.ActiveCfg = Debug|Any CPU
		{675ABAF1-2A27-4652-A164-DE980436B84F}.Debug|Any CPU.Build.0 = Debug|Any CPU
		{675ABAF1-2A27-4652-A164-DE980436B84F}.Release|Any CPU.ActiveCfg = Release|Any CPU
		{675ABAF1-2A27-4652-A164-DE980436B84F}.Release|Any CPU.Build.0 = Release|Any CPU
		{77CE038A-ED7D-47A3-8DA9-2B9D4282B19F}.Debug|Any CPU.ActiveCfg = Debug|Any CPU
		{77CE038A-ED7D-47A3-8DA9-2B9D4282B19F}.Debug|Any CPU.Build.0 = Debug|Any CPU
		{77CE038A-ED7D-47A3-8DA9-2B9D4282B19F}.Release|Any CPU.ActiveCfg = Release|Any CPU
		{77CE038A-ED7D-47A3-8DA9-2B9D4282B19F}.Release|Any CPU.Build.0 = Release|Any CPU
	EndGlobalSection
	GlobalSection(SolutionProperties) = preSolution
		HideSolutionNode = FALSE
	EndGlobalSection
	GlobalSection(ExtensibilityGlobals) = postSolution
		SolutionGuid = {FF761531-43B3-44B6-86AA-27D94C2E616B}
	EndGlobalSection
EndGlobal
